
Microsoft Visual Studio Solution File, Format Version 12.00
# Visual Studio Version 17
VisualStudioVersion = 17.5.33414.496
MinimumVisualStudioVersion = 10.0.40219.1
Project("{F2A71F9B-5D33-465A-A702-920D77279786}") = "CSI261 Course Peoject", "CSI261 Course Peoject.fsproj", "{38ECA92C-0174-4853-BE9E-ED254DEC9BE7}"
EndProject
Global
	GlobalSection(SolutionConfigurationPlatforms) = preSolution
		Debug|Any CPU = Debug|Any CPU
		Release|Any CPU = Release|Any CPU
	EndGlobalSection
	GlobalSection(ProjectConfigurationPlatforms) = postSolution
		{38ECA92C-0174-4853-BE9E-ED254DEC9BE7}.Debug|Any CPU.ActiveCfg = Debug|Any CPU
		{38ECA92C-0174-4853-BE9E-ED254DEC9BE7}.Debug|Any CPU.Build.0 = Debug|Any CPU
		{38ECA92C-0174-4853-BE9E-ED254DEC9BE7}.Release|Any CPU.ActiveCfg = Release|Any CPU
		{38ECA92C-0174-4853-BE9E-ED254DEC9BE7}.Release|Any CPU.Build.0 = Release|Any CPU
	EndGlobalSection
	GlobalSection(SolutionProperties) = preSolution
		HideSolutionNode = FALSE
	EndGlobalSection
	GlobalSection(ExtensibilityGlobals) = postSolution
		SolutionGuid = {0C614094-74C7-4E04-9DBD-310DCC351669}
	EndGlobalSection
EndGlobal
